{
  "lockFileVersion": 26,
  "registryFileHashes": {},
  "selectedYankedVersions": {},
  "moduleExtensions": {
    "@@rules_kotlin+//src/main/starlark/core/repositories:bzlmod_setup.bzl%rules_kotlin_extensions": {
      "general": {
        "bzlTransitiveDigest": "Ga4z8lQy1YQ5rAMy+dOl0dqcCEBnYNCXku8x3YQmDZI=",
        "usagesDigest": "QI2z8ZUR+mqtbwsf2fLqYdJAkPOHdOV+tF2yVAUgRzw=",
        "recordedInputs": [
          "REPO_MAPPING:rules_kotlin+,bazel_tools bazel_tools"
        ],
        "generatedRepoSpecs": {
          "com_github_jetbrains_kotlin_git": {
            "repoRuleId": "@@rules_kotlin+//src/main/starlark/core/repositories:compiler.bzl%kotlin_compiler_git_repository",
            "attributes": {
              "urls": [
                "https://github.com/JetBrains/kotlin/releases/download/v1.9.23/kotlin-compiler-1.9.23.zip"
              ],
              "sha256": "93137d3aab9afa9b27cb06a824c2324195c6b6f6179d8a8653f440f5bd58be88"
            }
          },
          "com_github_jetbrains_kotlin": {
            "repoRuleId": "@@rules_kotlin+//src/main/starlark/core/repositories:compiler.bzl%kotlin_capabilities_repository",
            "attributes": {
              "git_repository_name": "com_github_jetbrains_kotlin_git",
              "compiler_version": "1.9.23"
            }
          },
          "com_github_google_ksp": {
            "repoRuleId": "@@rules_kotlin+//src/main/starlark/core/repositories:ksp.bzl%ksp_compiler_plugin_repository",
            "attributes": {
              "urls": [
                "https://github.com/google/ksp/releases/download/1.9.23-1.0.20/artifacts.zip"
              ],
              "sha256": "ee0618755913ef7fd6511288a232e8fad24838b9af6ea73972a76e81053c8c2d",
              "strip_version": "1.9.23-1.0.20"
            }
          },
          "com_github_pinterest_ktlint": {
            "repoRuleId": "@@bazel_tools//tools/build_defs/repo:http.bzl%http_file",
            "attributes": {
              "sha256": "01b2e0ef893383a50dbeb13970fe7fa3be36ca3e83259e01649945b09d736985",
              "urls": [
                "https://github.com/pinterest/ktlint/releases/download/1.3.0/ktlint"
              ],
              "executable": true
            }
          },
          "rules_android": {
            "repoRuleId": "@@bazel_tools//tools/build_defs/repo:http.bzl%http_archive",
            "attributes": {
              "sha256": "cd06d15dd8bb59926e4d65f9003bfc20f9da4b2519985c27e190cddc8b7a7806",
              "strip_prefix": "rules_android-0.1.1",
              "urls": [
                "https://github.com/bazelbuild/rules_android/archive/v0.1.1.zip"
              ]
            }
          }
        }
      }
    },
    "@@rules_python+//python/extensions:config.bzl%config": {
      "general": {
        "bzlTransitiveDigest": "iibnRYgg8LpcfmH7EAnVwYePC3jsVaJ6Id8XxUjSZps=",
        "usagesDigest": "ZVSXMAGpD+xzVNPuvF1IoLBkty7TROO0+akMapt1pAg=",
        "recordedInputs": [
          "REPO_MAPPING:rules_python+,bazel_tools bazel_tools",
          "REPO_MAPPING:rules_python+,pypi__build rules_python++config+pypi__build",
          "REPO_MAPPING:rules_python+,pypi__click rules_python++config+pypi__click",
          "REPO_MAPPING:rules_python+,pypi__colorama rules_python++config+pypi__colorama",
          "REPO_MAPPING:rules_python+,pypi__importlib_metadata rules_python++config+pypi__importlib_metadata",
          "REPO_MAPPING:rules_python+,pypi__installer rules_python++config+pypi__installer",
          "REPO_MAPPING:rules_python+,pypi__more_itertools rules_python++config+pypi__more_itertools",
          "REPO_MAPPING:rules_python+,pypi__packaging rules_python++config+pypi__packaging",
          "REPO_MAPPING:rules_python+,pypi__pep517 rules_python++config+pypi__pep517",
          "REPO_MAPPING:rules_python+,pypi__pip rules_python++config+pypi__pip",
          "REPO_MAPPING:rules_python+,pypi__pip_tools rules_python++config+pypi__pip_tools",
          "REPO_MAPPING:rules_python+,pypi__pyproject_hooks rules_python++config+pypi__pyproject_hooks",
          "REPO_MAPPING:rules_python+,pypi__setuptools rules_python++config+pypi__setuptools",
          "REPO_MAPPING:rules_python+,pypi__tomli rules_python++config+pypi__tomli",
          "REPO_MAPPING:rules_python+,pypi__wheel rules_python++config+pypi__wheel",
          "REPO_MAPPING:rules_python+,pypi__zipp rules_python++config+pypi__zipp"
        ],
        "generatedRepoSpecs": {
          "rules_python_internal": {
            "repoRuleId": "@@rules_python+//python/private:internal_config_repo.bzl%internal_config_repo",
            "attributes": {
              "transition_setting_generators": {},
              "transition_settings": []
            }
          },
          "pypi__build": {
            "repoRuleId": "@@bazel_tools//tools/build_defs/repo:http.bzl%http_archive",
            "attributes": {
              "url": "https://files.pythonhosted.org/packages/e2/03/f3c8ba0a6b6e30d7d18c40faab90807c9bb5e9a1e3b2fe2008af624a9c97/build-1.2.1-py3-none-any.whl",
              "sha256": "75e10f767a433d9a86e50d83f418e83efc18ede923ee5ff7df93b6cb0306c5d4",
              "type": "zip",
              "build_file_content": "package(default_visibility = [\"//visibility:public\"])\n\nload(\"@rules_python//python:py_library.bzl\", \"py_library\")\n\npy_library(\n    name = \"lib\",\n    srcs = glob([\"**/*.py\"]),\n    data = glob([\"**/*\"], exclude=[\n        # These entries include those put into user-installed dependencies by\n        # data_exclude to avoid non-determinism.\n        \"**/*.py\",\n        \"**/*.pyc\",\n        \"**/*.pyc.*\",  # During pyc creation, temp files named *.pyc.NNN are created\n        \"**/*.dist-info/RECORD\",\n        \"BUILD\",\n        \"WORKSPACE\",\n    ]),\n    # This makes this directory a top-level in the python import\n    # search path for anything that depends on this.\n    imports = [\".\"],\n)\n"
            }
          },
          "pypi__click": {
            "repoRuleId": "@@bazel_tools//tools/build_defs/repo:http.bzl%http_archive",
            "attributes": {
              "url": "https://files.pythonhosted.org/packages/00/2e/d53fa4befbf2cfa713304affc7ca780ce4fc1fd8710527771b58311a3229/click-8.1.7-py3-none-any.whl",
              "sha256": "ae74fb96c20a0277a1d615f1e4d73c8414f5a98db8b799a7931d1582f3390c28",
              "type": "zip",
              "build_file_content": "package(default_visibility = [\"//visibility:public\"])\n\nload(\"@rules_python//python:py_library.bzl\", \"py_library\")\n\npy_library(\n    name = \"lib\",\n    srcs = glob([\"**/*.py\"]),\n    data = glob([\"**/*\"], exclude=[\n        # These entries include those put into user-installed dependencies by\n        # data_exclude to avoid non-determinism.\n        \"**/*.py\",\n        \"**/*.pyc\",\n        \"**/*.pyc.*\",  # During pyc creation, temp files named *.pyc.NNN are created\n        \"**/*.dist-info/RECORD\",\n        \"BUILD\",\n        \"WORKSPACE\",\n    ]),\n    # This makes this directory a top-level in the python import\n    # search path for anything that depends on this.\n    imports = [\".\"],\n)\n"
            }
          },
          "pypi__colorama": {
            "repoRuleId": "@@bazel_tools//tools/build_defs/repo:http.bzl%http_archive",
            "attributes": {
              "url": "https://files.pythonhosted.org/packages/d1/d6/3965ed04c63042e047cb6a3e6ed1a63a35087b6a609aa3a15ed8ac56c221/colorama-0.4.6-py2.py3-none-any.whl",
              "sha256": "4f1d9991f5acc0ca119f9d443620b77f9d6b33703e51011c16baf57afb285fc6",
              "type": "zip",
              "build_file_content": "package(default_visibility = [\"//visibility:public\"])\n\nload(\"@rules_python//python:py_library.bzl\", \"py_library\")\n\npy_library(\n    name = \"lib\",\n    srcs = glob([\"**/*.py\"]),\n    data = glob([\"**/*\"], exclude=[\n        # These entries include those put into user-installed dependencies by\n        # data_exclude to avoid non-determinism.\n        \"**/*.py\",\n        \"**/*.pyc\",\n        \"**/*.pyc.*\",  # During pyc creation, temp files named *.pyc.NNN are created\n        \"**/*.dist-info/RECORD\",\n        \"BUILD\",\n        \"WORKSPACE\",\n    ]),\n    # This makes this directory a top-level in the python import\n    # search path for anything that depends on this.\n    imports = [\".\"],\n)\n"
            }
          },
          "pypi__importlib_metadata": {
            "repoRuleId": "@@bazel_tools//tools/build_defs/repo:http.bzl%http_archive",
            "attributes": {
              "url": "https://files.pythonhosted.org/packages/2d/0a/679461c511447ffaf176567d5c496d1de27cbe34a87df6677d7171b2fbd4/importlib_metadata-7.1.0-py3-none-any.whl",
              "sha256": "30962b96c0c223483ed6cc7280e7f0199feb01a0e40cfae4d4450fc6fab1f570",
              "type": "zip",
              "build_file_content": "package(default_visibility = [\"//visibility:public\"])\n\nload(\"@rules_python//python:py_library.bzl\", \"py_library\")\n\npy_library(\n    name = \"lib\",\n    srcs = glob([\"**/*.py\"]),\n    data = glob([\"**/*\"], exclude=[\n        # These entries include those put into user-installed dependencies by\n        # data_exclude to avoid non-determinism.\n        \"**/*.py\",\n        \"**/*.pyc\",\n        \"**/*.pyc.*\",  # During pyc creation, temp files named *.pyc.NNN are created\n        \"**/*.dist-info/RECORD\",\n        \"BUILD\",\n        \"WORKSPACE\",\n    ]),\n    # This makes this directory a top-level in the python import\n    # search path for anything that depends on this.\n    imports = [\".\"],\n)\n"
            }
          },
          "pypi__installer": {
            "repoRuleId": "@@bazel_tools//tools/build_defs/repo:http.bzl%http_archive",
            "attributes": {
              "url": "https://files.pythonhosted.org/packages/e5/ca/1172b6638d52f2d6caa2dd262ec4c811ba59eee96d54a7701930726bce18/installer-0.7.0-py3-none-any.whl",
              "sha256": "05d1933f0a5ba7d8d6296bb6d5018e7c94fa473ceb10cf198a92ccea19c27b53",
              "type": "zip",
              "build_file_content": "package(default_visibility = [\"//visibility:public\"])\n\nload(\"@rules_python//python:py_library.bzl\", \"py_library\")\n\npy_library(\n    name = \"lib\",\n    srcs = glob([\"**/*.py\"]),\n    data = glob([\"**/*\"], exclude=[\n        # These entries include those put into user-installed dependencies by\n        # data_exclude to avoid non-determinism.\n        \"**/*.py\",\n        \"**/*.pyc\",\n        \"**/*.pyc.*\",  # During pyc creation, temp files named *.pyc.NNN are created\n        \"**/*.dist-info/RECORD\",\n        \"BUILD\",\n        \"WORKSPACE\",\n    ]),\n    # This makes this directory a top-level in the python import\n    # search path for anything that depends on this.\n    imports = [\".\"],\n)\n"
            }
          },
          "pypi__more_itertools": {
            "repoRuleId": "@@bazel_tools//tools/build_defs/repo:http.bzl%http_archive",
            "attributes": {
              "url": "https://files.pythonhosted.org/packages/50/e2/8e10e465ee3987bb7c9ab69efb91d867d93959095f4807db102d07995d94/more_itertools-10.2.0-py3-none-any.whl",
              "sha256": "686b06abe565edfab151cb8fd385a05651e1fdf8f0a14191e4439283421f8684",
              "type": "zip",
              "build_file_content": "package(default_visibility = [\"//visibility:public\"])\n\nload(\"@rules_python//python:py_library.bzl\", \"py_library\")\n\npy_library(\n    name = \"lib\",\n    srcs = glob([\"**/*.py\"]),\n    data = glob([\"**/*\"], exclude=[\n        # These entries include those put into user-installed dependencies by\n        # data_exclude to avoid non-determinism.\n        \"**/*.py\",\n        \"**/*.pyc\",\n        \"**/*.pyc.*\",  # During pyc creation, temp files named *.pyc.NNN are created\n        \"**/*.dist-info/RECORD\",\n        \"BUILD\",\n        \"WORKSPACE\",\n    ]),\n    # This makes this directory a top-level in the python import\n    # search path for anything that depends on this.\n    imports = [\".\"],\n)\n"
            }
          },
          "pypi__packaging": {
            "repoRuleId": "@@bazel_tools//tools/build_defs/repo:http.bzl%http_archive",
            "attributes": {
              "url": "https://files.pythonhosted.org/packages/49/df/1fceb2f8900f8639e278b056416d49134fb8d84c5942ffaa01ad34782422/packaging-24.0-py3-none-any.whl",
              "sha256": "2ddfb553fdf02fb784c234c7ba6ccc288296ceabec964ad2eae3777778130bc5",
              "type": "zip",
              "build_file_content": "package(default_visibility = [\"//visibility:public\"])\n\nload(\"@rules_python//python:py_library.bzl\", \"py_library\")\n\npy_library(\n    name = \"lib\",\n    srcs = glob([\"**/*.py\"]),\n    data = glob([\"**/*\"], exclude=[\n        # These entries include those put into user-installed dependencies by\n        # data_exclude to avoid non-determinism.\n        \"**/*.py\",\n        \"**/*.pyc\",\n        \"**/*.pyc.*\",  # During pyc creation, temp files named *.pyc.NNN are created\n        \"**/*.dist-info/RECORD\",\n        \"BUILD\",\n        \"WORKSPACE\",\n    ]),\n    # This makes this directory a top-level in the python import\n    # search path for anything that depends on this.\n    imports = [\".\"],\n)\n"
            }
          },
          "pypi__pep517": {
            "repoRuleId": "@@bazel_tools//tools/build_defs/repo:http.bzl%http_archive",
            "attributes": {
              "url": "https://files.pythonhosted.org/packages/25/6e/ca4a5434eb0e502210f591b97537d322546e4833dcb4d470a48c375c5540/pep517-0.13.1-py3-none-any.whl",
              "sha256": "31b206f67165b3536dd577c5c3f1518e8fbaf38cbc57efff8369a392feff1721",
              "type": "zip",
              "build_file_content": "package(default_visibility = [\"//visibility:public\"])\n\nload(\"@rules_python//python:py_library.bzl\", \"py_library\")\n\npy_library(\n    name = \"lib\",\n    srcs = glob([\"**/*.py\"]),\n    data = glob([\"**/*\"], exclude=[\n        # These entries include those put into user-installed dependencies by\n        # data_exclude to avoid non-determinism.\n        \"**/*.py\",\n        \"**/*.pyc\",\n        \"**/*.pyc.*\",  # During pyc creation, temp files named *.pyc.NNN are created\n        \"**/*.dist-info/RECORD\",\n        \"BUILD\",\n        \"WORKSPACE\",\n    ]),\n    # This makes this directory a top-level in the python import\n    # search path for anything that depends on this.\n    imports = [\".\"],\n)\n"
            }
          },
          "pypi__pip": {
            "repoRuleId": "@@bazel_tools//tools/build_defs/repo:http.bzl%http_archive",
            "attributes": {
              "url": "https://files.pythonhosted.org/packages/8a/6a/19e9fe04fca059ccf770861c7d5721ab4c2aebc539889e97c7977528a53b/pip-24.0-py3-none-any.whl",
              "sha256": "ba0d021a166865d2265246961bec0152ff124de910c5cc39f1156ce3fa7c69dc",
              "type": "zip",
              "build_file_content": "package(default_visibility = [\"//visibility:public\"])\n\nload(\"@rules_python//python:py_library.bzl\", \"py_library\")\n\npy_library(\n    name = \"lib\",\n    srcs = glob([\"**/*.py\"]),\n    data = glob([\"**/*\"], exclude=[\n        # These entries include those put into user-installed dependencies by\n        # data_exclude to avoid non-determinism.\n        \"**/*.py\",\n        \"**/*.pyc\",\n        \"**/*.pyc.*\",  # During pyc creation, temp files named *.pyc.NNN are created\n        \"**/*.dist-info/RECORD\",\n        \"BUILD\",\n        \"WORKSPACE\",\n    ]),\n    # This makes this directory a top-level in the python import\n    # search path for anything that depends on this.\n    imports = [\".\"],\n)\n"
            }
          },
          "pypi__pip_tools": {
            "repoRuleId": "@@bazel_tools//tools/build_defs/repo:http.bzl%http_archive",
            "attributes": {
              "url": "https://files.pythonhosted.org/packages/0d/dc/38f4ce065e92c66f058ea7a368a9c5de4e702272b479c0992059f7693941/pip_tools-7.4.1-py3-none-any.whl",
              "sha256": "4c690e5fbae2f21e87843e89c26191f0d9454f362d8acdbd695716493ec8b3a9",
              "type": "zip",
              "build_file_content": "package(default_visibility = [\"//visibility:public\"])\n\nload(\"@rules_python//python:py_library.bzl\", \"py_library\")\n\npy_library(\n    name = \"lib\",\n    srcs = glob([\"**/*.py\"]),\n    data = glob([\"**/*\"], exclude=[\n        # These entries include those put into user-installed dependencies by\n        # data_exclude to avoid non-determinism.\n        \"**/*.py\",\n        \"**/*.pyc\",\n        \"**/*.pyc.*\",  # During pyc creation, temp files named *.pyc.NNN are created\n        \"**/*.dist-info/RECORD\",\n        \"BUILD\",\n        \"WORKSPACE\",\n    ]),\n    # This makes this directory a top-level in the python import\n    # search path for anything that depends on this.\n    imports = [\".\"],\n)\n"
            }
          },
          "pypi__pyproject_hooks": {
            "repoRuleId": "@@bazel_tools//tools/build_defs/repo:http.bzl%http_archive",
            "attributes": {
              "url": "https://files.pythonhosted.org/packages/ae/f3/431b9d5fe7d14af7a32340792ef43b8a714e7726f1d7b69cc4e8e7a3f1d7/pyproject_hooks-1.1.0-py3-none-any.whl",
              "sha256": "7ceeefe9aec63a1064c18d939bdc3adf2d8aa1988a510afec15151578b232aa2",
              "type": "zip",
              "build_file_content": "package(default_visibility = [\"//visibility:public\"])\n\nload(\"@rules_python//python:py_library.bzl\", \"py_library\")\n\npy_library(\n    name = \"lib\",\n    srcs = glob([\"**/*.py\"]),\n    data = glob([\"**/*\"], exclude=[\n        # These entries include those put into user-installed dependencies by\n        # data_exclude to avoid non-determinism.\n        \"**/*.py\",\n        \"**/*.pyc\",\n        \"**/*.pyc.*\",  # During pyc creation, temp files named *.pyc.NNN are created\n        \"**/*.dist-info/RECORD\",\n        \"BUILD\",\n        \"WORKSPACE\",\n    ]),\n    # This makes this directory a top-level in the python import\n    # search path for anything that depends on this.\n    imports = [\".\"],\n)\n"
            }
          },
          "pypi__setuptools": {
            "repoRuleId": "@@bazel_tools//tools/build_defs/repo:http.bzl%http_archive",
            "attributes": {
              "url": "https://files.pythonhosted.org/packages/90/99/158ad0609729111163fc1f674a5a42f2605371a4cf036d0441070e2f7455/setuptools-78.1.1-py3-none-any.whl",
              "sha256": "c3a9c4211ff4c309edb8b8c4f1cbfa7ae324c4ba9f91ff254e3d305b9fd54561",
              "type": "zip",
              "build_file_content": "package(default_visibility = [\"//visibility:public\"])\n\nload(\"@rules_python//python:py_library.bzl\", \"py_library\")\n\npy_library(\n    name = \"lib\",\n    srcs = glob([\"**/*.py\"]),\n    data = glob([\"**/*\"], exclude=[\n        # These entries include those put into user-installed dependencies by\n        # data_exclude to avoid non-determinism.\n        \"**/*.py\",\n        \"**/*.pyc\",\n        \"**/*.pyc.*\",  # During pyc creation, temp files named *.pyc.NNN are created\n        \"**/*.dist-info/RECORD\",\n        \"BUILD\",\n        \"WORKSPACE\",\n    ]),\n    # This makes this directory a top-level in the python import\n    # search path for anything that depends on this.\n    imports = [\".\"],\n)\n"
            }
          },
          "pypi__tomli": {
            "repoRuleId": "@@bazel_tools//tools/build_defs/repo:http.bzl%http_archive",
            "attributes": {
              "url": "https://files.pythonhosted.org/packages/97/75/10a9ebee3fd790d20926a90a2547f0bf78f371b2f13aa822c759680ca7b9/tomli-2.0.1-py3-none-any.whl",
              "sha256": "939de3e7a6161af0c887ef91b7d41a53e7c5a1ca976325f429cb46ea9bc30ecc",
              "type": "zip",
              "build_file_content": "package(default_visibility = [\"//visibility:public\"])\n\nload(\"@rules_python//python:py_library.bzl\", \"py_library\")\n\npy_library(\n    name = \"lib\",\n    srcs = glob([\"**/*.py\"]),\n    data = glob([\"**/*\"], exclude=[\n        # These entries include those put into user-installed dependencies by\n        # data_exclude to avoid non-determinism.\n        \"**/*.py\",\n        \"**/*.pyc\",\n        \"**/*.pyc.*\",  # During pyc creation, temp files named *.pyc.NNN are created\n        \"**/*.dist-info/RECORD\",\n        \"BUILD\",\n        \"WORKSPACE\",\n    ]),\n    # This makes this directory a top-level in the python import\n    # search path for anything that depends on this.\n    imports = [\".\"],\n)\n"
            }
          },
          "pypi__wheel": {
            "repoRuleId": "@@bazel_tools//tools/build_defs/repo:http.bzl%http_archive",
            "attributes": {
              "url": "https://files.pythonhosted.org/packages/7d/cd/d7460c9a869b16c3dd4e1e403cce337df165368c71d6af229a74699622ce/wheel-0.43.0-py3-none-any.whl",
              "sha256": "55c570405f142630c6b9f72fe09d9b67cf1477fcf543ae5b8dcb1f5b7377da81",
              "type": "zip",
              "build_file_content": "package(default_visibility = [\"//visibility:public\"])\n\nload(\"@rules_python//python:py_library.bzl\", \"py_library\")\n\npy_library(\n    name = \"lib\",\n    srcs = glob([\"**/*.py\"]),\n    data = glob([\"**/*\"], exclude=[\n        # These entries include those put into user-installed dependencies by\n        # data_exclude to avoid non-determinism.\n        \"**/*.py\",\n        \"**/*.pyc\",\n        \"**/*.pyc.*\",  # During pyc creation, temp files named *.pyc.NNN are created\n        \"**/*.dist-info/RECORD\",\n        \"BUILD\",\n        \"WORKSPACE\",\n    ]),\n    # This makes this directory a top-level in the python import\n    # search path for anything that depends on this.\n    imports = [\".\"],\n)\n"
            }
          },
          "pypi__zipp": {
            "repoRuleId": "@@bazel_tools//tools/build_defs/repo:http.bzl%http_archive",
            "attributes": {
              "url": "https://files.pythonhosted.org/packages/da/55/a03fd7240714916507e1fcf7ae355bd9d9ed2e6db492595f1a67f61681be/zipp-3.18.2-py3-none-any.whl",
              "sha256": "dce197b859eb796242b0622af1b8beb0a722d52aa2f57133ead08edd5bf5374e",
              "type": "zip",
              "build_file_content": "package(default_visibility = [\"//visibility:public\"])\n\nload(\"@rules_python//python:py_library.bzl\", \"py_library\")\n\npy_library(\n    name = \"lib\",\n    srcs = glob([\"**/*.py\"]),\n    data = glob([\"**/*\"], exclude=[\n        # These entries include those put into user-installed dependencies by\n        # data_exclude to avoid non-determinism.\n        \"**/*.py\",\n        \"**/*.pyc\",\n        \"**/*.pyc.*\",  # During pyc creation, temp files named *.pyc.NNN are created\n        \"**/*.dist-info/RECORD\",\n        \"BUILD\",\n        \"WORKSPACE\",\n    ]),\n    # This makes this directory a top-level in the python import\n    # search path for anything that depends on this.\n    imports = [\".\"],\n)\n"
            }
          }
        }
      }
    },
    "@@rules_python+//python/uv:uv.bzl%uv": {
      "general": {
        "bzlTransitiveDigest": "ijW9KS7qsIY+yBVvJ+Nr1mzwQox09j13DnE3iIwaeTM=",
        "usagesDigest": "H8dQoNZcoqP+Mu0tHZTi4KHATzvNkM5ePuEqoQdklIU=",
        "recordedInputs": [
          "REPO_MAPPING:rules_python+,bazel_tools bazel_tools",
          "REPO_MAPPING:rules_python+,platforms platforms"
        ],
        "generatedRepoSpecs": {
          "uv": {
            "repoRuleId": "@@rules_python+//python/uv/private:uv_toolchains_repo.bzl%uv_toolchains_repo",
            "attributes": {
              "toolchain_type": "'@@rules_python+//python/uv:uv_toolchain_type'",
              "toolchain_names": [
                "none"
              ],
              "toolchain_implementations": {
                "none": "'@@rules_python+//python:none'"
              },
              "toolchain_compatible_with": {
                "none": [
                  "@platforms//:incompatible"
                ]
              },
              "toolchain_target_settings": {}
            }
          }
        }
      }
    }
  },
  "facts": {}
}
